
Microsoft Visual Studio Solution File, Format Version 12.00
# Visual Studio 15
VisualStudioVersion = 15.0.28307.136
MinimumVisualStudioVersion = 10.0.40219.1
Project("{F184B08F-C81C-45F6-A57F-5ABD9991F28F}") = "VBS02C02Calculator", "VBS02C02Calculator\VBS02C02Calculator.vbproj", "{0526AD69-5EAB-4994-8E0F-B4E96E3B25D5}"
EndProject
Global
	GlobalSection(SolutionConfigurationPlatforms) = preSolution
		Debug|Any CPU = Debug|Any CPU
		Release|Any CPU = Release|Any CPU
	EndGlobalSection
	GlobalSection(ProjectConfigurationPlatforms) = postSolution
		{0526AD69-5EAB-4994-8E0F-B4E96E3B25D5}.Debug|Any CPU.ActiveCfg = Debug|Any CPU
		{0526AD69-5EAB-4994-8E0F-B4E96E3B25D5}.Debug|Any CPU.Build.0 = Debug|Any CPU
		{0526AD69-5EAB-4994-8E0F-B4E96E3B25D5}.Release|Any CPU.ActiveCfg = Release|Any CPU
		{0526AD69-5EAB-4994-8E0F-B4E96E3B25D5}.Release|Any CPU.Build.0 = Release|Any CPU
	EndGlobalSection
	GlobalSection(SolutionProperties) = preSolution
		HideSolutionNode = FALSE
	EndGlobalSection
	GlobalSection(ExtensibilityGlobals) = postSolution
		SolutionGuid = {7D629792-8341-4694-B149-431D25ACC55F}
	EndGlobalSection
EndGlobal
